
Microsoft Visual Studio Solution File, Format Version 12.00
# Visual Studio 14
VisualStudioVersion = 14.0.25420.1
MinimumVisualStudioVersion = 10.0.40219.1
Project("{FAE04EC0-301F-11D3-BF4B-00C04F79EFBC}") = "fst.typescript", "fst.typescript\fst.typescript.csproj", "{C1A78C99-E66F-40A6-B7AF-041FC2626B9B}"
EndProject
Project("{FAE04EC0-301F-11D3-BF4B-00C04F79EFBC}") = "hr.collapsible", "hr.collapsible\hr.collapsible.csproj", "{9C3485BD-0C61-432B-A18A-8526D1EA9305}"
EndProject
Project("{FAE04EC0-301F-11D3-BF4B-00C04F79EFBC}") = "hr.fizzbuzz", "hr.fizzbuzz\hr.fizzbuzz.csproj", "{AAFCBCE0-16CD-49F7-B051-D5BB8F37B393}"
EndProject
Project("{FAE04EC0-301F-11D3-BF4B-00C04F79EFBC}") = "hr.form", "hr.form\hr.form.csproj", "{C091C5E9-919F-4FD3-A4BA-F6C53985531D}"
EndProject
Project("{FAE04EC0-301F-11D3-BF4B-00C04F79EFBC}") = "hr.linq", "hr.linq\hr.linq.csproj", "{706ED28A-E8E5-4B76-8EB4-B74C2502FBE0}"
EndProject
Project("{FAE04EC0-301F-11D3-BF4B-00C04F79EFBC}") = "hr.linq2", "hr.linq2\hr.linq2.csproj", "{E065E08F-77CF-4112-A09A-63D82B029139}"
EndProject
Project("{FAE04EC0-301F-11D3-BF4B-00C04F79EFBC}") = "hr.oop", "hr.oop\hr.oop.csproj", "{7B8DECF6-E926-475C-AF92-71923A504696}"
EndProject
Project("{FAE04EC0-301F-11D3-BF4B-00C04F79EFBC}") = "fst.books", "fst.books\fst.books.csproj", "{246FB33F-2BC6-4817-A1EA-C5F1AF9C5BA9}"
EndProject
Global
	GlobalSection(SolutionConfigurationPlatforms) = preSolution
		Debug|Any CPU = Debug|Any CPU
		Release|Any CPU = Release|Any CPU
	EndGlobalSection
	GlobalSection(ProjectConfigurationPlatforms) = postSolution
		{C1A78C99-E66F-40A6-B7AF-041FC2626B9B}.Debug|Any CPU.ActiveCfg = Debug|Any CPU
		{C1A78C99-E66F-40A6-B7AF-041FC2626B9B}.Debug|Any CPU.Build.0 = Debug|Any CPU
		{C1A78C99-E66F-40A6-B7AF-041FC2626B9B}.Release|Any CPU.ActiveCfg = Release|Any CPU
		{C1A78C99-E66F-40A6-B7AF-041FC2626B9B}.Release|Any CPU.Build.0 = Release|Any CPU
		{9C3485BD-0C61-432B-A18A-8526D1EA9305}.Debug|Any CPU.ActiveCfg = Debug|Any CPU
		{9C3485BD-0C61-432B-A18A-8526D1EA9305}.Debug|Any CPU.Build.0 = Debug|Any CPU
		{9C3485BD-0C61-432B-A18A-8526D1EA9305}.Release|Any CPU.ActiveCfg = Release|Any CPU
		{9C3485BD-0C61-432B-A18A-8526D1EA9305}.Release|Any CPU.Build.0 = Release|Any CPU
		{AAFCBCE0-16CD-49F7-B051-D5BB8F37B393}.Debug|Any CPU.ActiveCfg = Debug|Any CPU
		{AAFCBCE0-16CD-49F7-B051-D5BB8F37B393}.Debug|Any CPU.Build.0 = Debug|Any CPU
		{AAFCBCE0-16CD-49F7-B051-D5BB8F37B393}.Release|Any CPU.ActiveCfg = Release|Any CPU
		{AAFCBCE0-16CD-49F7-B051-D5BB8F37B393}.Release|Any CPU.Build.0 = Release|Any CPU
		{C091C5E9-919F-4FD3-A4BA-F6C53985531D}.Debug|Any CPU.ActiveCfg = Debug|Any CPU
		{C091C5E9-919F-4FD3-A4BA-F6C53985531D}.Debug|Any CPU.Build.0 = Debug|Any CPU
		{C091C5E9-919F-4FD3-A4BA-F6C53985531D}.Release|Any CPU.ActiveCfg = Release|Any CPU
		{C091C5E9-919F-4FD3-A4BA-F6C53985531D}.Release|Any CPU.Build.0 = Release|Any CPU
		{706ED28A-E8E5-4B76-8EB4-B74C2502FBE0}.Debug|Any CPU.ActiveCfg = Debug|Any CPU
		{706ED28A-E8E5-4B76-8EB4-B74C2502FBE0}.Debug|Any CPU.Build.0 = Debug|Any CPU
		{706ED28A-E8E5-4B76-8EB4-B74C2502FBE0}.Release|Any CPU.ActiveCfg = Release|Any CPU
		{706ED28A-E8E5-4B76-8EB4-B74C2502FBE0}.Release|Any CPU.Build.0 = Release|Any CPU
		{E065E08F-77CF-4112-A09A-63D82B029139}.Debug|Any CPU.ActiveCfg = Debug|Any CPU
		{E065E08F-77CF-4112-A09A-63D82B029139}.Debug|Any CPU.Build.0 = Debug|Any CPU
		{E065E08F-77CF-4112-A09A-63D82B029139}.Release|Any CPU.ActiveCfg = Release|Any CPU
		{E065E08F-77CF-4112-A09A-63D82B029139}.Release|Any CPU.Build.0 = Release|Any CPU
		{7B8DECF6-E926-475C-AF92-71923A504696}.Debug|Any CPU.ActiveCfg = Debug|Any CPU
		{7B8DECF6-E926-475C-AF92-71923A504696}.Debug|Any CPU.Build.0 = Debug|Any CPU
		{7B8DECF6-E926-475C-AF92-71923A504696}.Release|Any CPU.ActiveCfg = Release|Any CPU
		{7B8DECF6-E926-475C-AF92-71923A504696}.Release|Any CPU.Build.0 = Release|Any CPU
		{246FB33F-2BC6-4817-A1EA-C5F1AF9C5BA9}.Debug|Any CPU.ActiveCfg = Debug|Any CPU
		{246FB33F-2BC6-4817-A1EA-C5F1AF9C5BA9}.Debug|Any CPU.Build.0 = Debug|Any CPU
		{246FB33F-2BC6-4817-A1EA-C5F1AF9C5BA9}.Release|Any CPU.ActiveCfg = Release|Any CPU
		{246FB33F-2BC6-4817-A1EA-C5F1AF9C5BA9}.Release|Any CPU.Build.0 = Release|Any CPU
	EndGlobalSection
	GlobalSection(SolutionProperties) = preSolution
		HideSolutionNode = FALSE
	EndGlobalSection
EndGlobal
